
Microsoft Visual Studio Solution File, Format Version 12.00
# Visual Studio Version 17
VisualStudioVersion = 17.5.33424.131
MinimumVisualStudioVersion = 10.0.40219.1
Project("{FAE04EC0-301F-11D3-BF4B-00C04F79EFBC}") = "NZWalksApi", "NZWalksApi\NZWalksApi.csproj", "{C28D3211-D89A-4B0F-B246-FAC98101834C}"
EndProject
Global
	GlobalSection(SolutionConfigurationPlatforms) = preSolution
		Debug|Any CPU = Debug|Any CPU
		Release|Any CPU = Release|Any CPU
	EndGlobalSection
	GlobalSection(ProjectConfigurationPlatforms) = postSolution
		{C28D3211-D89A-4B0F-B246-FAC98101834C}.Debug|Any CPU.ActiveCfg = Debug|Any CPU
		{C28D3211-D89A-4B0F-B246-FAC98101834C}.Debug|Any CPU.Build.0 = Debug|Any CPU
		{C28D3211-D89A-4B0F-B246-FAC98101834C}.Release|Any CPU.ActiveCfg = Release|Any CPU
		{C28D3211-D89A-4B0F-B246-FAC98101834C}.Release|Any CPU.Build.0 = Release|Any CPU
	EndGlobalSection
	GlobalSection(SolutionProperties) = preSolution
		HideSolutionNode = FALSE
	EndGlobalSection
	GlobalSection(ExtensibilityGlobals) = postSolution
		SolutionGuid = {166F20BD-E282-40B2-9355-DD857DE73A0C}
	EndGlobalSection
EndGlobal
